
Microsoft Visual Studio Solution File, Format Version 12.00
# Visual Studio 15
VisualStudioVersion = 15.0.27428.2015
MinimumVisualStudioVersion = 10.0.40219.1
Project("{8BC9CEB8-8B4A-11D0-8D11-00A0C91BC942}") = "Inheritance", "Inheritance\Inheritance.vcxproj", "{8004B939-F5FC-470C-919A-0D4536C541FC}"
EndProject
Global
	GlobalSection(SolutionConfigurationPlatforms) = preSolution
		Debug|x64 = Debug|x64
		Debug|x86 = Debug|x86
		Release|x64 = Release|x64
		Release|x86 = Release|x86
	EndGlobalSection
	GlobalSection(ProjectConfigurationPlatforms) = postSolution
		{8004B939-F5FC-470C-919A-0D4536C541FC}.Debug|x64.ActiveCfg = Debug|x64
		{8004B939-F5FC-470C-919A-0D4536C541FC}.Debug|x64.Build.0 = Debug|x64
		{8004B939-F5FC-470C-919A-0D4536C541FC}.Debug|x86.ActiveCfg = Debug|Win32
		{8004B939-F5FC-470C-919A-0D4536C541FC}.Debug|x86.Build.0 = Debug|Win32
		{8004B939-F5FC-470C-919A-0D4536C541FC}.Release|x64.ActiveCfg = Release|x64
		{8004B939-F5FC-470C-919A-0D4536C541FC}.Release|x64.Build.0 = Release|x64
		{8004B939-F5FC-470C-919A-0D4536C541FC}.Release|x86.ActiveCfg = Release|Win32
		{8004B939-F5FC-470C-919A-0D4536C541FC}.Release|x86.Build.0 = Release|Win32
	EndGlobalSection
	GlobalSection(SolutionProperties) = preSolution
		HideSolutionNode = FALSE
	EndGlobalSection
	GlobalSection(ExtensibilityGlobals) = postSolution
		SolutionGuid = {DD3FA57D-83C6-4FBA-A138-1B26F40412A6}
	EndGlobalSection
EndGlobal
